
Microsoft Visual Studio Solution File, Format Version 12.00
# Visual Studio Version 17
VisualStudioVersion = 17.9.34723.18
MinimumVisualStudioVersion = 10.0.40219.1
Project("{9A19103F-16F7-4668-BE54-9A1E7A4F7556}") = "ResxScanner", "ResxScanner.csproj", "{28DE12B4-12B9-4109-B6B6-0DA97BC89976}"
EndProject
Global
	GlobalSection(SolutionConfigurationPlatforms) = preSolution
		Debug|Any CPU = Debug|Any CPU
		Release|Any CPU = Release|Any CPU
	EndGlobalSection
	GlobalSection(ProjectConfigurationPlatforms) = postSolution
		{28DE12B4-12B9-4109-B6B6-0DA97BC89976}.Debug|Any CPU.ActiveCfg = Debug|Any CPU
		{28DE12B4-12B9-4109-B6B6-0DA97BC89976}.Debug|Any CPU.Build.0 = Debug|Any CPU
		{28DE12B4-12B9-4109-B6B6-0DA97BC89976}.Release|Any CPU.ActiveCfg = Release|Any CPU
		{28DE12B4-12B9-4109-B6B6-0DA97BC89976}.Release|Any CPU.Build.0 = Release|Any CPU
	EndGlobalSection
	GlobalSection(SolutionProperties) = preSolution
		HideSolutionNode = FALSE
	EndGlobalSection
	GlobalSection(ExtensibilityGlobals) = postSolution
		SolutionGuid = {A72E18E5-7FE5-4C6E-867C-7721626427B5}
	EndGlobalSection
EndGlobal
